
Microsoft Visual Studio Solution File, Format Version 12.00
# Visual Studio Version 17
VisualStudioVersion = 17.5.002.0
MinimumVisualStudioVersion = 10.0.40219.1
Project("{9A19103F-16F7-4668-BE54-9A1E7A4F7556}") = "ApiCommerce", "ApiCommerce.csproj", "{22FA8DE0-BF10-412E-ACFB-E8B50381C806}"
EndProject
Global
	GlobalSection(SolutionConfigurationPlatforms) = preSolution
		Debug|Any CPU = Debug|Any CPU
		Release|Any CPU = Release|Any CPU
	EndGlobalSection
	GlobalSection(ProjectConfigurationPlatforms) = postSolution
		{22FA8DE0-BF10-412E-ACFB-E8B50381C806}.Debug|Any CPU.ActiveCfg = Debug|Any CPU
		{22FA8DE0-BF10-412E-ACFB-E8B50381C806}.Debug|Any CPU.Build.0 = Debug|Any CPU
		{22FA8DE0-BF10-412E-ACFB-E8B50381C806}.Release|Any CPU.ActiveCfg = Release|Any CPU
		{22FA8DE0-BF10-412E-ACFB-E8B50381C806}.Release|Any CPU.Build.0 = Release|Any CPU
	EndGlobalSection
	GlobalSection(SolutionProperties) = preSolution
		HideSolutionNode = FALSE
	EndGlobalSection
	GlobalSection(ExtensibilityGlobals) = postSolution
		SolutionGuid = {29A909C2-07E3-4096-8800-9A430B016628}
	EndGlobalSection
EndGlobal
